
Microsoft Visual Studio Solution File, Format Version 12.00
# Visual Studio Version 17
VisualStudioVersion = 17.14.36414.22
MinimumVisualStudioVersion = 10.0.40219.1
Project("{2150E333-8FDC-42A3-9474-1A3956D46DE8}") = "Task0", "Task0", "{02EA681E-C7D8-13C7-8484-4AC65E1B71E8}"
EndProject
Project("{FAE04EC0-301F-11D3-BF4B-00C04F79EFBC}") = "Tyuiu.LevakovaAA.Sprint4.Task0.V26", "Tyuiu.LevakovaAA.Sprint4.Task0.V26\Tyuiu.LevakovaAA.Sprint4.Task0.V26.csproj", "{C16AA981-3FAE-4B1F-9551-41C8A5879551}"
EndProject
Project("{FAE04EC0-301F-11D3-BF4B-00C04F79EFBC}") = "Tyuiu.LevakovaAA.Sprint4.Task0.V26.Lib", "Tyuiu.LevakovaAA.Sprint4.Task0.V26.Lib\Tyuiu.LevakovaAA.Sprint4.Task0.V26.Lib.csproj", "{9D632119-A375-4D71-B593-4D00B406539C}"
EndProject
Project("{FAE04EC0-301F-11D3-BF4B-00C04F79EFBC}") = "Tyuiu.LevakovaAA.Sprint4.Task0.V26.Test", "Tyuiu.LevakovaAA.Sprint4.Task0.V26.Test\Tyuiu.LevakovaAA.Sprint4.Task0.V26.Test.csproj", "{BF40A835-CB33-4DF4-B320-0E2156D4035F}"
EndProject
Project("{2150E333-8FDC-42A3-9474-1A3956D46DE8}") = "Task1", "Task1", "{71C55723-6743-4CB6-800C-540FC3CC49E9}"
EndProject
Project("{FAE04EC0-301F-11D3-BF4B-00C04F79EFBC}") = "Tyuiu.LevakovaAA.Sprint4.Task1.V21", "Tyuiu.LevakovaAA.Sprint4.Task1.V21\Tyuiu.LevakovaAA.Sprint4.Task1.V21.csproj", "{0EEEA8C0-E47C-42EF-8D2B-D218F0873DC3}"
EndProject
Project("{FAE04EC0-301F-11D3-BF4B-00C04F79EFBC}") = "Tyuiu.LevakovaAA.Sprint4.Task1.V21.Test", "Tyuiu.LevakovaAA.Sprint4.Task1.V21.Test\Tyuiu.LevakovaAA.Sprint4.Task1.V21.Test.csproj", "{A1105A39-953D-4EE5-9FDF-016E5129BA74}"
EndProject
Project("{FAE04EC0-301F-11D3-BF4B-00C04F79EFBC}") = "Tyuiu.LevakovaAA.Sprint4.Task1.V21.Lib", "Tyuiu.LevakovaAA.Sprint4.Task1.V21.Lib\Tyuiu.LevakovaAA.Sprint4.Task1.V21.Lib.csproj", "{CCB92C48-6662-4A69-94DA-011667F69C98}"
EndProject
Project("{2150E333-8FDC-42A3-9474-1A3956D46DE8}") = "Task2", "Task2", "{F9060611-1F92-4489-809F-D25C42559201}"
EndProject
Project("{FAE04EC0-301F-11D3-BF4B-00C04F79EFBC}") = "Tyuiu.LevakovaAA.Sprint4.Task2.V19", "Tyuiu.LevakovaAA.Sprint4.Task2.V19\Tyuiu.LevakovaAA.Sprint4.Task2.V19.csproj", "{2266F750-BD29-4A32-81A0-FB42E7ACE54E}"
EndProject
Project("{FAE04EC0-301F-11D3-BF4B-00C04F79EFBC}") = "Tyuiu.LevakovaAA.Sprint4.Task2.V19.Lib", "Tyuiu.LevakovaAA.Sprint4.Task2.V19.Lib\Tyuiu.LevakovaAA.Sprint4.Task2.V19.Lib.csproj", "{EB46DEB0-3083-4575-85EC-FD2FC5FC1B13}"
EndProject
Project("{FAE04EC0-301F-11D3-BF4B-00C04F79EFBC}") = "Tyuiu.LevakovaAA.Sprint4.Task2.V19.Test", "Tyuiu.LevakovaAA.Sprint4.Task2.V19.Test\Tyuiu.LevakovaAA.Sprint4.Task2.V19.Test.csproj", "{D94730B5-48A2-4CBF-A136-782C2EB4086C}"
EndProject
Project("{2150E333-8FDC-42A3-9474-1A3956D46DE8}") = "Task3", "Task3", "{4F552C5B-8153-48A7-8EC5-549C5235EAA8}"
EndProject
Project("{FAE04EC0-301F-11D3-BF4B-00C04F79EFBC}") = "Tyuiu.LevakovaAA.Sprint4.Task3.V20", "Tyuiu.LevakovaAA.Sprint4.Task3.V20\Tyuiu.LevakovaAA.Sprint4.Task3.V20.csproj", "{A6CDE7CD-FAC1-4232-B30D-C2C71365BB70}"
EndProject
Project("{FAE04EC0-301F-11D3-BF4B-00C04F79EFBC}") = "Tyuiu.LevakovaAA.Sprint4.Task3.V20.Test", "Tyuiu.LevakovaAA.Sprint4.Task3.V20.Test\Tyuiu.LevakovaAA.Sprint4.Task3.V20.Test.csproj", "{B3F893A5-5494-42AD-9E28-A73DAD84CF7A}"
EndProject
Project("{FAE04EC0-301F-11D3-BF4B-00C04F79EFBC}") = "Tyuiu.LevakovaAA.Sprint4.Task3.V20.Lib", "Tyuiu.LevakovaAA.Sprint4.Task3.V20.Lib\Tyuiu.LevakovaAA.Sprint4.Task3.V20.Lib.csproj", "{D4C7DBF6-C0F1-456B-AE2B-03AA2A4F9D9A}"
EndProject
Project("{2150E333-8FDC-42A3-9474-1A3956D46DE8}") = "Task4", "Task4", "{F4A25D62-4B1F-4852-B800-293A992AFCB1}"
EndProject
Project("{FAE04EC0-301F-11D3-BF4B-00C04F79EFBC}") = "Tyuiu.LevakovaAA.Sprint4.Task4.V25", "Tyuiu.LevakovaAA.Sprint4.Task4.V25\Tyuiu.LevakovaAA.Sprint4.Task4.V25.csproj", "{B2414300-C590-405A-A290-978BC0C5D0E3}"
EndProject
Project("{FAE04EC0-301F-11D3-BF4B-00C04F79EFBC}") = "Tyuiu.LevakovaAA.Sprint4.Task4.V25.Lib", "Tyuiu.LevakovaAA.Sprint4.Task4.V25.Lib\Tyuiu.LevakovaAA.Sprint4.Task4.V25.Lib.csproj", "{19AE27C7-F3A8-4FBF-9C77-D984DA0CAFD9}"
EndProject
Project("{FAE04EC0-301F-11D3-BF4B-00C04F79EFBC}") = "Tyuiu.LevakovaAA.Sprint4.Task4.V25.Test", "Tyuiu.LevakovaAA.Sprint4.Task4.V25.Test\Tyuiu.LevakovaAA.Sprint4.Task4.V25.Test.csproj", "{87D889E9-7AE1-4426-97AF-FDE99214C731}"
EndProject
Global
	GlobalSection(SolutionConfigurationPlatforms) = preSolution
		Debug|Any CPU = Debug|Any CPU
		Release|Any CPU = Release|Any CPU
	EndGlobalSection
	GlobalSection(ProjectConfigurationPlatforms) = postSolution
		{C16AA981-3FAE-4B1F-9551-41C8A5879551}.Debug|Any CPU.ActiveCfg = Debug|Any CPU
		{C16AA981-3FAE-4B1F-9551-41C8A5879551}.Debug|Any CPU.Build.0 = Debug|Any CPU
		{C16AA981-3FAE-4B1F-9551-41C8A5879551}.Release|Any CPU.ActiveCfg = Release|Any CPU
		{C16AA981-3FAE-4B1F-9551-41C8A5879551}.Release|Any CPU.Build.0 = Release|Any CPU
		{9D632119-A375-4D71-B593-4D00B406539C}.Debug|Any CPU.ActiveCfg = Debug|Any CPU
		{9D632119-A375-4D71-B593-4D00B406539C}.Debug|Any CPU.Build.0 = Debug|Any CPU
		{9D632119-A375-4D71-B593-4D00B406539C}.Release|Any CPU.ActiveCfg = Release|Any CPU
		{9D632119-A375-4D71-B593-4D00B406539C}.Release|Any CPU.Build.0 = Release|Any CPU
		{BF40A835-CB33-4DF4-B320-0E2156D4035F}.Debug|Any CPU.ActiveCfg = Debug|Any CPU
		{BF40A835-CB33-4DF4-B320-0E2156D4035F}.Debug|Any CPU.Build.0 = Debug|Any CPU
		{BF40A835-CB33-4DF4-B320-0E2156D4035F}.Release|Any CPU.ActiveCfg = Release|Any CPU
		{BF40A835-CB33-4DF4-B320-0E2156D4035F}.Release|Any CPU.Build.0 = Release|Any CPU
		{0EEEA8C0-E47C-42EF-8D2B-D218F0873DC3}.Debug|Any CPU.ActiveCfg = Debug|Any CPU
		{0EEEA8C0-E47C-42EF-8D2B-D218F0873DC3}.Debug|Any CPU.Build.0 = Debug|Any CPU
		{0EEEA8C0-E47C-42EF-8D2B-D218F0873DC3}.Release|Any CPU.ActiveCfg = Release|Any CPU
		{0EEEA8C0-E47C-42EF-8D2B-D218F0873DC3}.Release|Any CPU.Build.0 = Release|Any CPU
		{A1105A39-953D-4EE5-9FDF-016E5129BA74}.Debug|Any CPU.ActiveCfg = Debug|Any CPU
		{A1105A39-953D-4EE5-9FDF-016E5129BA74}.Debug|Any CPU.Build.0 = Debug|Any CPU
		{A1105A39-953D-4EE5-9FDF-016E5129BA74}.Release|Any CPU.ActiveCfg = Release|Any CPU
		{A1105A39-953D-4EE5-9FDF-016E5129BA74}.Release|Any CPU.Build.0 = Release|Any CPU
		{CCB92C48-6662-4A69-94DA-011667F69C98}.Debug|Any CPU.ActiveCfg = Debug|Any CPU
		{CCB92C48-6662-4A69-94DA-011667F69C98}.Debug|Any CPU.Build.0 = Debug|Any CPU
		{CCB92C48-6662-4A69-94DA-011667F69C98}.Release|Any CPU.ActiveCfg = Release|Any CPU
		{CCB92C48-6662-4A69-94DA-011667F69C98}.Release|Any CPU.Build.0 = Release|Any CPU
		{2266F750-BD29-4A32-81A0-FB42E7ACE54E}.Debug|Any CPU.ActiveCfg = Debug|Any CPU
		{2266F750-BD29-4A32-81A0-FB42E7ACE54E}.Debug|Any CPU.Build.0 = Debug|Any CPU
		{2266F750-BD29-4A32-81A0-FB42E7ACE54E}.Release|Any CPU.ActiveCfg = Release|Any CPU
		{2266F750-BD29-4A32-81A0-FB42E7ACE54E}.Release|Any CPU.Build.0 = Release|Any CPU
		{EB46DEB0-3083-4575-85EC-FD2FC5FC1B13}.Debug|Any CPU.ActiveCfg = Debug|Any CPU
		{EB46DEB0-3083-4575-85EC-FD2FC5FC1B13}.Debug|Any CPU.Build.0 = Debug|Any CPU
		{EB46DEB0-3083-4575-85EC-FD2FC5FC1B13}.Release|Any CPU.ActiveCfg = Release|Any CPU
		{EB46DEB0-3083-4575-85EC-FD2FC5FC1B13}.Release|Any CPU.Build.0 = Release|Any CPU
		{D94730B5-48A2-4CBF-A136-782C2EB4086C}.Debug|Any CPU.ActiveCfg = Debug|Any CPU
		{D94730B5-48A2-4CBF-A136-782C2EB4086C}.Debug|Any CPU.Build.0 = Debug|Any CPU
		{D94730B5-48A2-4CBF-A136-782C2EB4086C}.Release|Any CPU.ActiveCfg = Release|Any CPU
		{D94730B5-48A2-4CBF-A136-782C2EB4086C}.Release|Any CPU.Build.0 = Release|Any CPU
		{A6CDE7CD-FAC1-4232-B30D-C2C71365BB70}.Debug|Any CPU.ActiveCfg = Debug|Any CPU
		{A6CDE7CD-FAC1-4232-B30D-C2C71365BB70}.Debug|Any CPU.Build.0 = Debug|Any CPU
		{A6CDE7CD-FAC1-4232-B30D-C2C71365BB70}.Release|Any CPU.ActiveCfg = Release|Any CPU
		{A6CDE7CD-FAC1-4232-B30D-C2C71365BB70}.Release|Any CPU.Build.0 = Release|Any CPU
		{B3F893A5-5494-42AD-9E28-A73DAD84CF7A}.Debug|Any CPU.ActiveCfg = Debug|Any CPU
		{B3F893A5-5494-42AD-9E28-A73DAD84CF7A}.Debug|Any CPU.Build.0 = Debug|Any CPU
		{B3F893A5-5494-42AD-9E28-A73DAD84CF7A}.Release|Any CPU.ActiveCfg = Release|Any CPU
		{B3F893A5-5494-42AD-9E28-A73DAD84CF7A}.Release|Any CPU.Build.0 = Release|Any CPU
		{D4C7DBF6-C0F1-456B-AE2B-03AA2A4F9D9A}.Debug|Any CPU.ActiveCfg = Debug|Any CPU
		{D4C7DBF6-C0F1-456B-AE2B-03AA2A4F9D9A}.Debug|Any CPU.Build.0 = Debug|Any CPU
		{D4C7DBF6-C0F1-456B-AE2B-03AA2A4F9D9A}.Release|Any CPU.ActiveCfg = Release|Any CPU
		{D4C7DBF6-C0F1-456B-AE2B-03AA2A4F9D9A}.Release|Any CPU.Build.0 = Release|Any CPU
		{B2414300-C590-405A-A290-978BC0C5D0E3}.Debug|Any CPU.ActiveCfg = Debug|Any CPU
		{B2414300-C590-405A-A290-978BC0C5D0E3}.Debug|Any CPU.Build.0 = Debug|Any CPU
		{B2414300-C590-405A-A290-978BC0C5D0E3}.Release|Any CPU.ActiveCfg = Release|Any CPU
		{B2414300-C590-405A-A290-978BC0C5D0E3}.Release|Any CPU.Build.0 = Release|Any CPU
		{19AE27C7-F3A8-4FBF-9C77-D984DA0CAFD9}.Debug|Any CPU.ActiveCfg = Debug|Any CPU
		{19AE27C7-F3A8-4FBF-9C77-D984DA0CAFD9}.Debug|Any CPU.Build.0 = Debug|Any CPU
		{19AE27C7-F3A8-4FBF-9C77-D984DA0CAFD9}.Release|Any CPU.ActiveCfg = Release|Any CPU
		{19AE27C7-F3A8-4FBF-9C77-D984DA0CAFD9}.Release|Any CPU.Build.0 = Release|Any CPU
		{87D889E9-7AE1-4426-97AF-FDE99214C731}.Debug|Any CPU.ActiveCfg = Debug|Any CPU
		{87D889E9-7AE1-4426-97AF-FDE99214C731}.Debug|Any CPU.Build.0 = Debug|Any CPU
		{87D889E9-7AE1-4426-97AF-FDE99214C731}.Release|Any CPU.ActiveCfg = Release|Any CPU
		{87D889E9-7AE1-4426-97AF-FDE99214C731}.Release|Any CPU.Build.0 = Release|Any CPU
	EndGlobalSection
	GlobalSection(SolutionProperties) = preSolution
		HideSolutionNode = FALSE
	EndGlobalSection
	GlobalSection(NestedProjects) = preSolution
		{C16AA981-3FAE-4B1F-9551-41C8A5879551} = {02EA681E-C7D8-13C7-8484-4AC65E1B71E8}
		{9D632119-A375-4D71-B593-4D00B406539C} = {02EA681E-C7D8-13C7-8484-4AC65E1B71E8}
		{BF40A835-CB33-4DF4-B320-0E2156D4035F} = {02EA681E-C7D8-13C7-8484-4AC65E1B71E8}
		{0EEEA8C0-E47C-42EF-8D2B-D218F0873DC3} = {71C55723-6743-4CB6-800C-540FC3CC49E9}
		{A1105A39-953D-4EE5-9FDF-016E5129BA74} = {71C55723-6743-4CB6-800C-540FC3CC49E9}
		{CCB92C48-6662-4A69-94DA-011667F69C98} = {71C55723-6743-4CB6-800C-540FC3CC49E9}
		{2266F750-BD29-4A32-81A0-FB42E7ACE54E} = {F9060611-1F92-4489-809F-D25C42559201}
		{EB46DEB0-3083-4575-85EC-FD2FC5FC1B13} = {F9060611-1F92-4489-809F-D25C42559201}
		{D94730B5-48A2-4CBF-A136-782C2EB4086C} = {F9060611-1F92-4489-809F-D25C42559201}
		{A6CDE7CD-FAC1-4232-B30D-C2C71365BB70} = {4F552C5B-8153-48A7-8EC5-549C5235EAA8}
		{B3F893A5-5494-42AD-9E28-A73DAD84CF7A} = {4F552C5B-8153-48A7-8EC5-549C5235EAA8}
		{D4C7DBF6-C0F1-456B-AE2B-03AA2A4F9D9A} = {4F552C5B-8153-48A7-8EC5-549C5235EAA8}
		{B2414300-C590-405A-A290-978BC0C5D0E3} = {F4A25D62-4B1F-4852-B800-293A992AFCB1}
		{19AE27C7-F3A8-4FBF-9C77-D984DA0CAFD9} = {F4A25D62-4B1F-4852-B800-293A992AFCB1}
		{87D889E9-7AE1-4426-97AF-FDE99214C731} = {F4A25D62-4B1F-4852-B800-293A992AFCB1}
	EndGlobalSection
	GlobalSection(ExtensibilityGlobals) = postSolution
		SolutionGuid = {20DBF5BF-33D3-4FC6-89A7-C72ED7CFD8B8}
	EndGlobalSection
EndGlobal
