
Microsoft Visual Studio Solution File, Format Version 12.00
# Visual Studio Version 17
VisualStudioVersion = 17.14.36414.22
MinimumVisualStudioVersion = 10.0.40219.1
Project("{2150E333-8FDC-42A3-9474-1A3956D46DE8}") = "Task0", "Task0", "{02EA681E-C7D8-13C7-8484-4AC65E1B71E8}"
EndProject
Project("{FAE04EC0-301F-11D3-BF4B-00C04F79EFBC}") = "Tyuiu.LevakovaAA.Sprint4.Task0.V26", "Tyuiu.LevakovaAA.Sprint4.Task0.V26\Tyuiu.LevakovaAA.Sprint4.Task0.V26.csproj", "{C16AA981-3FAE-4B1F-9551-41C8A5879551}"
EndProject
Project("{FAE04EC0-301F-11D3-BF4B-00C04F79EFBC}") = "Tyuiu.LevakovaAA.Sprint4.Task0.V26.Lib", "Tyuiu.LevakovaAA.Sprint4.Task0.V26.Lib\Tyuiu.LevakovaAA.Sprint4.Task0.V26.Lib.csproj", "{9D632119-A375-4D71-B593-4D00B406539C}"
EndProject
Project("{FAE04EC0-301F-11D3-BF4B-00C04F79EFBC}") = "Tyuiu.LevakovaAA.Sprint4.Task0.V26.Test", "Tyuiu.LevakovaAA.Sprint4.Task0.V26.Test\Tyuiu.LevakovaAA.Sprint4.Task0.V26.Test.csproj", "{BF40A835-CB33-4DF4-B320-0E2156D4035F}"
EndProject
Project("{2150E333-8FDC-42A3-9474-1A3956D46DE8}") = "Task1", "Task1", "{71C55723-6743-4CB6-800C-540FC3CC49E9}"
EndProject
Project("{FAE04EC0-301F-11D3-BF4B-00C04F79EFBC}") = "Tyuiu.LevakovaAA.Sprint4.Task1.V21", "Tyuiu.LevakovaAA.Sprint4.Task1.V21\Tyuiu.LevakovaAA.Sprint4.Task1.V21.csproj", "{0EEEA8C0-E47C-42EF-8D2B-D218F0873DC3}"
EndProject
Project("{FAE04EC0-301F-11D3-BF4B-00C04F79EFBC}") = "Tyuiu.LevakovaAA.Sprint4.Task1.V21.Test", "Tyuiu.LevakovaAA.Sprint4.Task1.V21.Test\Tyuiu.LevakovaAA.Sprint4.Task1.V21.Test.csproj", "{A1105A39-953D-4EE5-9FDF-016E5129BA74}"
EndProject
Project("{FAE04EC0-301F-11D3-BF4B-00C04F79EFBC}") = "Tyuiu.LevakovaAA.Sprint4.Task1.V21.Lib", "Tyuiu.LevakovaAA.Sprint4.Task1.V21.Lib\Tyuiu.LevakovaAA.Sprint4.Task1.V21.Lib.csproj", "{CCB92C48-6662-4A69-94DA-011667F69C98}"
EndProject
Global
	GlobalSection(SolutionConfigurationPlatforms) = preSolution
		Debug|Any CPU = Debug|Any CPU
		Release|Any CPU = Release|Any CPU
	EndGlobalSection
	GlobalSection(ProjectConfigurationPlatforms) = postSolution
		{C16AA981-3FAE-4B1F-9551-41C8A5879551}.Debug|Any CPU.ActiveCfg = Debug|Any CPU
		{C16AA981-3FAE-4B1F-9551-41C8A5879551}.Debug|Any CPU.Build.0 = Debug|Any CPU
		{C16AA981-3FAE-4B1F-9551-41C8A5879551}.Release|Any CPU.ActiveCfg = Release|Any CPU
		{C16AA981-3FAE-4B1F-9551-41C8A5879551}.Release|Any CPU.Build.0 = Release|Any CPU
		{9D632119-A375-4D71-B593-4D00B406539C}.Debug|Any CPU.ActiveCfg = Debug|Any CPU
		{9D632119-A375-4D71-B593-4D00B406539C}.Debug|Any CPU.Build.0 = Debug|Any CPU
		{9D632119-A375-4D71-B593-4D00B406539C}.Release|Any CPU.ActiveCfg = Release|Any CPU
		{9D632119-A375-4D71-B593-4D00B406539C}.Release|Any CPU.Build.0 = Release|Any CPU
		{BF40A835-CB33-4DF4-B320-0E2156D4035F}.Debug|Any CPU.ActiveCfg = Debug|Any CPU
		{BF40A835-CB33-4DF4-B320-0E2156D4035F}.Debug|Any CPU.Build.0 = Debug|Any CPU
		{BF40A835-CB33-4DF4-B320-0E2156D4035F}.Release|Any CPU.ActiveCfg = Release|Any CPU
		{BF40A835-CB33-4DF4-B320-0E2156D4035F}.Release|Any CPU.Build.0 = Release|Any CPU
		{0EEEA8C0-E47C-42EF-8D2B-D218F0873DC3}.Debug|Any CPU.ActiveCfg = Debug|Any CPU
		{0EEEA8C0-E47C-42EF-8D2B-D218F0873DC3}.Debug|Any CPU.Build.0 = Debug|Any CPU
		{0EEEA8C0-E47C-42EF-8D2B-D218F0873DC3}.Release|Any CPU.ActiveCfg = Release|Any CPU
		{0EEEA8C0-E47C-42EF-8D2B-D218F0873DC3}.Release|Any CPU.Build.0 = Release|Any CPU
		{A1105A39-953D-4EE5-9FDF-016E5129BA74}.Debug|Any CPU.ActiveCfg = Debug|Any CPU
		{A1105A39-953D-4EE5-9FDF-016E5129BA74}.Debug|Any CPU.Build.0 = Debug|Any CPU
		{A1105A39-953D-4EE5-9FDF-016E5129BA74}.Release|Any CPU.ActiveCfg = Release|Any CPU
		{A1105A39-953D-4EE5-9FDF-016E5129BA74}.Release|Any CPU.Build.0 = Release|Any CPU
		{CCB92C48-6662-4A69-94DA-011667F69C98}.Debug|Any CPU.ActiveCfg = Debug|Any CPU
		{CCB92C48-6662-4A69-94DA-011667F69C98}.Debug|Any CPU.Build.0 = Debug|Any CPU
		{CCB92C48-6662-4A69-94DA-011667F69C98}.Release|Any CPU.ActiveCfg = Release|Any CPU
		{CCB92C48-6662-4A69-94DA-011667F69C98}.Release|Any CPU.Build.0 = Release|Any CPU
	EndGlobalSection
	GlobalSection(SolutionProperties) = preSolution
		HideSolutionNode = FALSE
	EndGlobalSection
	GlobalSection(NestedProjects) = preSolution
		{C16AA981-3FAE-4B1F-9551-41C8A5879551} = {02EA681E-C7D8-13C7-8484-4AC65E1B71E8}
		{9D632119-A375-4D71-B593-4D00B406539C} = {02EA681E-C7D8-13C7-8484-4AC65E1B71E8}
		{BF40A835-CB33-4DF4-B320-0E2156D4035F} = {02EA681E-C7D8-13C7-8484-4AC65E1B71E8}
		{0EEEA8C0-E47C-42EF-8D2B-D218F0873DC3} = {71C55723-6743-4CB6-800C-540FC3CC49E9}
		{A1105A39-953D-4EE5-9FDF-016E5129BA74} = {71C55723-6743-4CB6-800C-540FC3CC49E9}
		{CCB92C48-6662-4A69-94DA-011667F69C98} = {71C55723-6743-4CB6-800C-540FC3CC49E9}
	EndGlobalSection
	GlobalSection(ExtensibilityGlobals) = postSolution
		SolutionGuid = {20DBF5BF-33D3-4FC6-89A7-C72ED7CFD8B8}
	EndGlobalSection
EndGlobal
